
Microsoft Visual Studio Solution File, Format Version 12.00
# Visual Studio Version 17
VisualStudioVersion = 17.6.33723.286
MinimumVisualStudioVersion = 10.0.40219.1
Project("{FAE04EC0-301F-11D3-BF4B-00C04F79EFBC}") = "Task1", "Task1\Task1.csproj", "{90AF78E8-453B-4905-A05F-78F2B94194B4}"
EndProject
Global
	GlobalSection(SolutionConfigurationPlatforms) = preSolution
		Debug|Any CPU = Debug|Any CPU
		Release|Any CPU = Release|Any CPU
	EndGlobalSection
	GlobalSection(ProjectConfigurationPlatforms) = postSolution
		{90AF78E8-453B-4905-A05F-78F2B94194B4}.Debug|Any CPU.ActiveCfg = Debug|Any CPU
		{90AF78E8-453B-4905-A05F-78F2B94194B4}.Debug|Any CPU.Build.0 = Debug|Any CPU
		{90AF78E8-453B-4905-A05F-78F2B94194B4}.Release|Any CPU.ActiveCfg = Release|Any CPU
		{90AF78E8-453B-4905-A05F-78F2B94194B4}.Release|Any CPU.Build.0 = Release|Any CPU
	EndGlobalSection
	GlobalSection(SolutionProperties) = preSolution
		HideSolutionNode = FALSE
	EndGlobalSection
	GlobalSection(ExtensibilityGlobals) = postSolution
		SolutionGuid = {3689EFF4-A444-4F7F-B78C-58F6472D28EC}
	EndGlobalSection
EndGlobal
