
Microsoft Visual Studio Solution File, Format Version 12.00
# Visual Studio Version 16
VisualStudioVersion = 16.0.33801.447
MinimumVisualStudioVersion = 10.0.40219.1
Project("{F184B08F-C81C-45F6-A57F-5ABD9991F28F}") = "Exp3", "Exp3\Exp3.vbproj", "{E24257E5-1F93-4F54-93A5-30D9F2517A12}"
EndProject
Global
	GlobalSection(SolutionConfigurationPlatforms) = preSolution
		Debug|Any CPU = Debug|Any CPU
		Release|Any CPU = Release|Any CPU
	EndGlobalSection
	GlobalSection(ProjectConfigurationPlatforms) = postSolution
		{E24257E5-1F93-4F54-93A5-30D9F2517A12}.Debug|Any CPU.ActiveCfg = Debug|Any CPU
		{E24257E5-1F93-4F54-93A5-30D9F2517A12}.Debug|Any CPU.Build.0 = Debug|Any CPU
		{E24257E5-1F93-4F54-93A5-30D9F2517A12}.Release|Any CPU.ActiveCfg = Release|Any CPU
		{E24257E5-1F93-4F54-93A5-30D9F2517A12}.Release|Any CPU.Build.0 = Release|Any CPU
	EndGlobalSection
	GlobalSection(SolutionProperties) = preSolution
		HideSolutionNode = FALSE
	EndGlobalSection
	GlobalSection(ExtensibilityGlobals) = postSolution
		SolutionGuid = {4A80F458-E67E-40BC-B28B-5CC4E8CF7138}
	EndGlobalSection
EndGlobal
